
Microsoft Visual Studio Solution File, Format Version 12.00
# Visual Studio Version 17
VisualStudioVersion = 17.13.35828.75
MinimumVisualStudioVersion = 10.0.40219.1
Project("{FAE04EC0-301F-11D3-BF4B-00C04F79EFBC}") = "soulBalanceGs", "soulBalanceGs\soulBalanceGs.csproj", "{0FF49D54-EF47-48A9-8F84-278D5E6AD31A}"
EndProject
Project("{FAE04EC0-301F-11D3-BF4B-00C04F79EFBC}") = "TestProject", "TestProject\TestProject.csproj", "{2ACFDC61-F56E-4397-9FB9-DE999D9AE879}"
EndProject
Global
	GlobalSection(SolutionConfigurationPlatforms) = preSolution
		Debug|Any CPU = Debug|Any CPU
		Release|Any CPU = Release|Any CPU
	EndGlobalSection
	GlobalSection(ProjectConfigurationPlatforms) = postSolution
		{0FF49D54-EF47-48A9-8F84-278D5E6AD31A}.Debug|Any CPU.ActiveCfg = Debug|Any CPU
		{0FF49D54-EF47-48A9-8F84-278D5E6AD31A}.Debug|Any CPU.Build.0 = Debug|Any CPU
		{0FF49D54-EF47-48A9-8F84-278D5E6AD31A}.Release|Any CPU.ActiveCfg = Release|Any CPU
		{0FF49D54-EF47-48A9-8F84-278D5E6AD31A}.Release|Any CPU.Build.0 = Release|Any CPU
		{2ACFDC61-F56E-4397-9FB9-DE999D9AE879}.Debug|Any CPU.ActiveCfg = Debug|Any CPU
		{2ACFDC61-F56E-4397-9FB9-DE999D9AE879}.Debug|Any CPU.Build.0 = Debug|Any CPU
		{2ACFDC61-F56E-4397-9FB9-DE999D9AE879}.Release|Any CPU.ActiveCfg = Release|Any CPU
		{2ACFDC61-F56E-4397-9FB9-DE999D9AE879}.Release|Any CPU.Build.0 = Release|Any CPU
	EndGlobalSection
	GlobalSection(SolutionProperties) = preSolution
		HideSolutionNode = FALSE
	EndGlobalSection
	GlobalSection(ExtensibilityGlobals) = postSolution
		SolutionGuid = {7797EF2A-9D22-42A4-B967-94F76DE21B53}
	EndGlobalSection
EndGlobal
